// !$*UTF8*$!
{
	archiveVersion = 1;
	classes = {
	};
	objectVersion = 55;
	objects = {

/* Begin PBXBuildFile section */
		33B61E5C284883BF007A5367 /* EmployeeVM.swift in Sources */ = {isa = PBXBuildFile; fileRef = 33B61E5B284883BF007A5367 /* EmployeeVM.swift */; };
		33E46550281A516B003836DC /* AppDelegate.swift in Sources */ = {isa = PBXBuildFile; fileRef = 33E4654F281A516B003836DC /* AppDelegate.swift */; };
		33E46552281A516B003836DC /* SceneDelegate.swift in Sources */ = {isa = PBXBuildFile; fileRef = 33E46551281A516B003836DC /* SceneDelegate.swift */; };
		33E46554281A516B003836DC /* ViewController.swift in Sources */ = {isa = PBXBuildFile; fileRef = 33E46553281A516B003836DC /* ViewController.swift */; };
		33E46557281A516B003836DC /* Main.storyboard in Resources */ = {isa = PBXBuildFile; fileRef = 33E46555281A516B003836DC /* Main.storyboard */; };
		33E4655A281A516B003836DC /* CoreDataDemo.xcdatamodeld in Sources */ = {isa = PBXBuildFile; fileRef = 33E46558281A516B003836DC /* CoreDataDemo.xcdatamodeld */; };
		33E4655C281A516D003836DC /* Assets.xcassets in Resources */ = {isa = PBXBuildFile; fileRef = 33E4655B281A516D003836DC /* Assets.xcassets */; };
		33E4655F281A516D003836DC /* LaunchScreen.storyboard in Resources */ = {isa = PBXBuildFile; fileRef = 33E4655D281A516D003836DC /* LaunchScreen.storyboard */; };
		33E46567281A559D003836DC /* DBUtilities.swift in Sources */ = {isa = PBXBuildFile; fileRef = 33E46566281A559D003836DC /* DBUtilities.swift */; };
		33E4656D281A6F11003836DC /* EmployeeCell.swift in Sources */ = {isa = PBXBuildFile; fileRef = 33E4656C281A6F11003836DC /* EmployeeCell.swift */; };
		FBF58626284E084D00F68AEF /* utilitiesGit.swift in Sources */ = {isa = PBXBuildFile; fileRef = FBF58625284E084D00F68AEF /* utilitiesGit.swift */; };
/* End PBXBuildFile section */

/* Begin PBXFileReference section */
		33B61E5B284883BF007A5367 /* EmployeeVM.swift */ = {isa = PBXFileReference; lastKnownFileType = sourcecode.swift; path = EmployeeVM.swift; sourceTree = "<group>"; };
		33E4654C281A516B003836DC /* CoreDataDemo.app */ = {isa = PBXFileReference; explicitFileType = wrapper.application; includeInIndex = 0; path = CoreDataDemo.app; sourceTree = BUILT_PRODUCTS_DIR; };
		33E4654F281A516B003836DC /* AppDelegate.swift */ = {isa = PBXFileReference; lastKnownFileType = sourcecode.swift; path = AppDelegate.swift; sourceTree = "<group>"; };
		33E46551281A516B003836DC /* SceneDelegate.swift */ = {isa = PBXFileReference; lastKnownFileType = sourcecode.swift; path = SceneDelegate.swift; sourceTree = "<group>"; };
		33E46553281A516B003836DC /* ViewController.swift */ = {isa = PBXFileReference; lastKnownFileType = sourcecode.swift; path = ViewController.swift; sourceTree = "<group>"; };
		33E46556281A516B003836DC /* Base */ = {isa = PBXFileReference; lastKnownFileType = file.storyboard; name = Base; path = Base.lproj/Main.storyboard; sourceTree = "<group>"; };
		33E46559281A516B003836DC /* CoreDataDemo.xcdatamodel */ = {isa = PBXFileReference; lastKnownFileType = wrapper.xcdatamodel; path = CoreDataDemo.xcdatamodel; sourceTree = "<group>"; };
		33E4655B281A516D003836DC /* Assets.xcassets */ = {isa = PBXFileReference; lastKnownFileType = folder.assetcatalog; path = Assets.xcassets; sourceTree = "<group>"; };
		33E4655E281A516D003836DC /* Base */ = {isa = PBXFileReference; lastKnownFileType = file.storyboard; name = Base; path = Base.lproj/LaunchScreen.storyboard; sourceTree = "<group>"; };
		33E46560281A516D003836DC /* Info.plist */ = {isa = PBXFileReference; lastKnownFileType = text.plist.xml; path = Info.plist; sourceTree = "<group>"; };
		33E46566281A559D003836DC /* DBUtilities.swift */ = {isa = PBXFileReference; lastKnownFileType = sourcecode.swift; path = DBUtilities.swift; sourceTree = "<group>"; };
		33E4656C281A6F11003836DC /* EmployeeCell.swift */ = {isa = PBXFileReference; lastKnownFileType = sourcecode.swift; path = EmployeeCell.swift; sourceTree = "<group>"; };
		FBF58625284E084D00F68AEF /* utilitiesGit.swift */ = {isa = PBXFileReference; lastKnownFileType = sourcecode.swift; path = utilitiesGit.swift; sourceTree = "<group>"; };
/* End PBXFileReference section */

/* Begin PBXFrameworksBuildPhase section */
		33E46549281A516B003836DC /* Frameworks */ = {
			isa = PBXFrameworksBuildPhase;
			buildActionMask = 2147483647;
			files = (
			);
			runOnlyForDeploymentPostprocessing = 0;
		};
/* End PBXFrameworksBuildPhase section */

/* Begin PBXGroup section */
		33B61E532848737D007A5367 /* Model */ = {
			isa = PBXGroup;
			children = (
				33E46566281A559D003836DC /* DBUtilities.swift */,
				33E46558281A516B003836DC /* CoreDataDemo.xcdatamodeld */,
			);
			path = Model;
			sourceTree = "<group>";
		};
		33B61E5428487384007A5367 /* View */ = {
			isa = PBXGroup;
			children = (
				33E4656C281A6F11003836DC /* EmployeeCell.swift */,
				33E46553281A516B003836DC /* ViewController.swift */,
				33E4654F281A516B003836DC /* AppDelegate.swift */,
				33E46551281A516B003836DC /* SceneDelegate.swift */,
				33E4655D281A516D003836DC /* LaunchScreen.storyboard */,
				33E46555281A516B003836DC /* Main.storyboard */,
			);
			path = View;
			sourceTree = "<group>";
		};
		33B61E552848738A007A5367 /* ViewModel */ = {
			isa = PBXGroup;
			children = (
				33B61E5B284883BF007A5367 /* EmployeeVM.swift */,
			);
			path = ViewModel;
			sourceTree = "<group>";
		};
		33E46543281A516B003836DC = {
			isa = PBXGroup;
			children = (
				33E4654E281A516B003836DC /* CoreDataDemo */,
				33E4654D281A516B003836DC /* Products */,
			);
			sourceTree = "<group>";
		};
		33E4654D281A516B003836DC /* Products */ = {
			isa = PBXGroup;
			children = (
				33E4654C281A516B003836DC /* CoreDataDemo.app */,
			);
			name = Products;
			sourceTree = "<group>";
		};
		33E4654E281A516B003836DC /* CoreDataDemo */ = {
			isa = PBXGroup;
			children = (
				33B61E552848738A007A5367 /* ViewModel */,
				33B61E5428487384007A5367 /* View */,
				33B61E532848737D007A5367 /* Model */,
				33E4655B281A516D003836DC /* Assets.xcassets */,
				33E46560281A516D003836DC /* Info.plist */,
				FBF58625284E084D00F68AEF /* utilitiesGit.swift */,
			);
			path = CoreDataDemo;
			sourceTree = "<group>";
		};
/* End PBXGroup section */

/* Begin PBXNativeTarget section */
		33E4654B281A516B003836DC /* CoreDataDemo */ = {
			isa = PBXNativeTarget;
			buildConfigurationList = 33E46563281A516D003836DC /* Build configuration list for PBXNativeTarget "CoreDataDemo" */;
			buildPhases = (
				33E46548281A516B003836DC /* Sources */,
				33E46549281A516B003836DC /* Frameworks */,
				33E4654A281A516B003836DC /* Resources */,
			);
			buildRules = (
			);
			dependencies = (
			);
			name = CoreDataDemo;
			productName = CoreDataDemo;
			productReference = 33E4654C281A516B003836DC /* CoreDataDemo.app */;
			productType = "com.apple.product-type.application";
		};
/* End PBXNativeTarget section */

/* Begin PBXProject section */
		33E46544281A516B003836DC /* Project object */ = {
			isa = PBXProject;
			attributes = {
				BuildIndependentTargetsInParallel = 1;
				LastSwiftUpdateCheck = 1320;
				LastUpgradeCheck = 1320;
				TargetAttributes = {
					33E4654B281A516B003836DC = {
						CreatedOnToolsVersion = 13.2.1;
					};
				};
			};
			buildConfigurationList = 33E46547281A516B003836DC /* Build configuration list for PBXProject "CoreDataDemo" */;
			compatibilityVersion = "Xcode 13.0";
			developmentRegion = en;
			hasScannedForEncodings = 0;
			knownRegions = (
				en,
				Base,
			);
			mainGroup = 33E46543281A516B003836DC;
			productRefGroup = 33E4654D281A516B003836DC /* Products */;
			projectDirPath = "";
			projectRoot = "";
			targets = (
				33E4654B281A516B003836DC /* CoreDataDemo */,
			);
		};
/* End PBXProject section */

/* Begin PBXResourcesBuildPhase section */
		33E4654A281A516B003836DC /* Resources */ = {
			isa = PBXResourcesBuildPhase;
			buildActionMask = 2147483647;
			files = (
				33E4655F281A516D003836DC /* LaunchScreen.storyboard in Resources */,
				33E4655C281A516D003836DC /* Assets.xcassets in Resources */,
				33E46557281A516B003836DC /* Main.storyboard in Resources */,
			);
			runOnlyForDeploymentPostprocessing = 0;
		};
/* End PBXResourcesBuildPhase section */

/* Begin PBXSourcesBuildPhase section */
		33E46548281A516B003836DC /* Sources */ = {
			isa = PBXSourcesBuildPhase;
			buildActionMask = 2147483647;
			files = (
				33E46567281A559D003836DC /* DBUtilities.swift in Sources */,
				33E46554281A516B003836DC /* ViewController.swift in Sources */,
				33E4655A281A516B003836DC /* CoreDataDemo.xcdatamodeld in Sources */,
				33E4656D281A6F11003836DC /* EmployeeCell.swift in Sources */,
				33E46550281A516B003836DC /* AppDelegate.swift in Sources */,
				FBF58626284E084D00F68AEF /* utilitiesGit.swift in Sources */,
				33B61E5C284883BF007A5367 /* EmployeeVM.swift in Sources */,
				33E46552281A516B003836DC /* SceneDelegate.swift in Sources */,
			);
			runOnlyForDeploymentPostprocessing = 0;
		};
/* End PBXSourcesBuildPhase section */

/* Begin PBXVariantGroup section */
		33E46555281A516B003836DC /* Main.storyboard */ = {
			isa = PBXVariantGroup;
			children = (
				33E46556281A516B003836DC /* Base */,
			);
			name = Main.storyboard;
			sourceTree = "<group>";
		};
		33E4655D281A516D003836DC /* LaunchScreen.storyboard */ = {
			isa = PBXVariantGroup;
			children = (
				33E4655E281A516D003836DC /* Base */,
			);
			name = LaunchScreen.storyboard;
			sourceTree = "<group>";
		};
/* End PBXVariantGroup section */

/* Begin XCBuildConfiguration section */
		33E46561281A516D003836DC /* Debug */ = {
			isa = XCBuildConfiguration;
			buildSettings = {
				ALWAYS_SEARCH_USER_PATHS = NO;
				CLANG_ANALYZER_NONNULL = YES;
				CLANG_ANALYZER_NUMBER_OBJECT_CONVERSION = YES_AGGRESSIVE;
				CLANG_CXX_LANGUAGE_STANDARD = "gnu++17";
				CLANG_CXX_LIBRARY = "libc++";
				CLANG_ENABLE_MODULES = YES;
				CLANG_ENABLE_OBJC_ARC = YES;
				CLANG_ENABLE_OBJC_WEAK = YES;
				CLANG_WARN_BLOCK_CAPTURE_AUTORELEASING = YES;
				CLANG_WARN_BOOL_CONVERSION = YES;
				CLANG_WARN_COMMA = YES;
				CLANG_WARN_CONSTANT_CONVERSION = YES;
				CLANG_WARN_DEPRECATED_OBJC_IMPLEMENTATIONS = YES;
				CLANG_WARN_DIRECT_OBJC_ISA_USAGE = YES_ERROR;
				CLANG_WARN_DOCUMENTATION_COMMENTS = YES;
				CLANG_WARN_EMPTY_BODY = YES;
				CLANG_WARN_ENUM_CONVERSION = YES;
				CLANG_WARN_INFINITE_RECURSION = YES;
				CLANG_WARN_INT_CONVERSION = YES;
				CLANG_WARN_NON_LITERAL_NULL_CONVERSION = YES;
				CLANG_WARN_OBJC_IMPLICIT_RETAIN_SELF = YES;
				CLANG_WARN_OBJC_LITERAL_CONVERSION = YES;
				CLANG_WARN_OBJC_ROOT_CLASS = YES_ERROR;
				CLANG_WARN_QUOTED_INCLUDE_IN_FRAMEWORK_HEADER = YES;
				CLANG_WARN_RANGE_LOOP_ANALYSIS = YES;
				CLANG_WARN_STRICT_PROTOTYPES = YES;
				CLANG_WARN_SUSPICIOUS_MOVE = YES;
				CLANG_WARN_UNGUARDED_AVAILABILITY = YES_AGGRESSIVE;
				CLANG_WARN_UNREACHABLE_CODE = YES;
				CLANG_WARN__DUPLICATE_METHOD_MATCH = YES;
				COPY_PHASE_STRIP = NO;
				DEBUG_INFORMATION_FORMAT = dwarf;
				ENABLE_STRICT_OBJC_MSGSEND = YES;
				ENABLE_TESTABILITY = YES;
				GCC_C_LANGUAGE_STANDARD = gnu11;
				GCC_DYNAMIC_NO_PIC = NO;
				GCC_NO_COMMON_BLOCKS = YES;
				GCC_OPTIMIZATION_LEVEL = 0;
				GCC_PREPROCESSOR_DEFINITIONS = (
					"DEBUG=1",
					"$(inherited)",
				);
				GCC_WARN_64_TO_32_BIT_CONVERSION = YES;
				GCC_WARN_ABOUT_RETURN_TYPE = YES_ERROR;
				GCC_WARN_UNDECLARED_SELECTOR = YES;
				GCC_WARN_UNINITIALIZED_AUTOS = YES_AGGRESSIVE;
				GCC_WARN_UNUSED_FUNCTION = YES;
				GCC_WARN_UNUSED_VARIABLE = YES;
				IPHONEOS_DEPLOYMENT_TARGET = 15.2;
				MTL_ENABLE_DEBUG_INFO = INCLUDE_SOURCE;
				MTL_FAST_MATH = YES;
				ONLY_ACTIVE_ARCH = YES;
				SDKROOT = iphoneos;
				SWIFT_ACTIVE_COMPILATION_CONDITIONS = DEBUG;
				SWIFT_OPTIMIZATION_LEVEL = "-Onone";
			};
			name = Debug;
		};
		33E46562281A516D003836DC /* Release */ = {
			isa = XCBuildConfiguration;
			buildSettings = {
				ALWAYS_SEARCH_USER_PATHS = NO;
				CLANG_ANALYZER_NONNULL = YES;
				CLANG_ANALYZER_NUMBER_OBJECT_CONVERSION = YES_AGGRESSIVE;
				CLANG_CXX_LANGUAGE_STANDARD = "gnu++17";
				CLANG_CXX_LIBRARY = "libc++";
				CLANG_ENABLE_MODULES = YES;
				CLANG_ENABLE_OBJC_ARC = YES;
				CLANG_ENABLE_OBJC_WEAK = YES;
				CLANG_WARN_BLOCK_CAPTURE_AUTORELEASING = YES;
				CLANG_WARN_BOOL_CONVERSION = YES;
				CLANG_WARN_COMMA = YES;
				CLANG_WARN_CONSTANT_CONVERSION = YES;
				CLANG_WARN_DEPRECATED_OBJC_IMPLEMENTATIONS = YES;
				CLANG_WARN_DIRECT_OBJC_ISA_USAGE = YES_ERROR;
				CLANG_WARN_DOCUMENTATION_COMMENTS = YES;
				CLANG_WARN_EMPTY_BODY = YES;
				CLANG_WARN_ENUM_CONVERSION = YES;
				CLANG_WARN_INFINITE_RECURSION = YES;
				CLANG_WARN_INT_CONVERSION = YES;
				CLANG_WARN_NON_LITERAL_NULL_CONVERSION = YES;
				CLANG_WARN_OBJC_IMPLICIT_RETAIN_SELF = YES;
				CLANG_WARN_OBJC_LITERAL_CONVERSION = YES;
				CLANG_WARN_OBJC_ROOT_CLASS = YES_ERROR;
				CLANG_WARN_QUOTED_INCLUDE_IN_FRAMEWORK_HEADER = YES;
				CLANG_WARN_RANGE_LOOP_ANALYSIS = YES;
				CLANG_WARN_STRICT_PROTOTYPES = YES;
				CLANG_WARN_SUSPICIOUS_MOVE = YES;
				CLANG_WARN_UNGUARDED_AVAILABILITY = YES_AGGRESSIVE;
				CLANG_WARN_UNREACHABLE_CODE = YES;
				CLANG_WARN__DUPLICATE_METHOD_MATCH = YES;
				COPY_PHASE_STRIP = NO;
				DEBUG_INFORMATION_FORMAT = "dwarf-with-dsym";
				ENABLE_NS_ASSERTIONS = NO;
				ENABLE_STRICT_OBJC_MSGSEND = YES;
				GCC_C_LANGUAGE_STANDARD = gnu11;
				GCC_NO_COMMON_BLOCKS = YES;
				GCC_WARN_64_TO_32_BIT_CONVERSION = YES;
				GCC_WARN_ABOUT_RETURN_TYPE = YES_ERROR;
				GCC_WARN_UNDECLARED_SELECTOR = YES;
				GCC_WARN_UNINITIALIZED_AUTOS = YES_AGGRESSIVE;
				GCC_WARN_UNUSED_FUNCTION = YES;
				GCC_WARN_UNUSED_VARIABLE = YES;
				IPHONEOS_DEPLOYMENT_TARGET = 15.2;
				MTL_ENABLE_DEBUG_INFO = NO;
				MTL_FAST_MATH = YES;
				SDKROOT = iphoneos;
				SWIFT_COMPILATION_MODE = wholemodule;
				SWIFT_OPTIMIZATION_LEVEL = "-O";
				VALIDATE_PRODUCT = YES;
			};
			name = Release;
		};
		33E46564281A516D003836DC /* Debug */ = {
			isa = XCBuildConfiguration;
			buildSettings = {
				ASSETCATALOG_COMPILER_APPICON_NAME = AppIcon;
				ASSETCATALOG_COMPILER_GLOBAL_ACCENT_COLOR_NAME = AccentColor;
				CODE_SIGN_IDENTITY = "Apple Development";
				CODE_SIGN_STYLE = Automatic;
				CURRENT_PROJECT_VERSION = 1;
				DEVELOPMENT_TEAM = 2Z2KQ9F6DZ;
				GENERATE_INFOPLIST_FILE = YES;
				INFOPLIST_FILE = CoreDataDemo/Info.plist;
				INFOPLIST_KEY_UIApplicationSupportsIndirectInputEvents = YES;
				INFOPLIST_KEY_UILaunchStoryboardName = LaunchScreen;
				INFOPLIST_KEY_UIMainStoryboardFile = Main;
				INFOPLIST_KEY_UISupportedInterfaceOrientations_iPad = "UIInterfaceOrientationPortrait UIInterfaceOrientationPortraitUpsideDown UIInterfaceOrientationLandscapeLeft UIInterfaceOrientationLandscapeRight";
				INFOPLIST_KEY_UISupportedInterfaceOrientations_iPhone = "UIInterfaceOrientationPortrait UIInterfaceOrientationLandscapeLeft UIInterfaceOrientationLandscapeRight";
				IPHONEOS_DEPLOYMENT_TARGET = 13.0;
				LD_RUNPATH_SEARCH_PATHS = (
					"$(inherited)",
					"@executable_path/Frameworks",
				);
				MARKETING_VERSION = 1.0;
				PRODUCT_BUNDLE_IDENTIFIER = com.capgemini.CoreDataDemo1;
				PRODUCT_NAME = "$(TARGET_NAME)";
				PROVISIONING_PROFILE_SPECIFIER = "";
				SWIFT_EMIT_LOC_STRINGS = YES;
				SWIFT_VERSION = 5.0;
				TARGETED_DEVICE_FAMILY = "1,2";
			};
			name = Debug;
		};
		33E46565281A516D003836DC /* Release */ = {
			isa = XCBuildConfiguration;
			buildSettings = {
				ASSETCATALOG_COMPILER_APPICON_NAME = AppIcon;
				ASSETCATALOG_COMPILER_GLOBAL_ACCENT_COLOR_NAME = AccentColor;
				CODE_SIGN_IDENTITY = "Apple Development";
				CODE_SIGN_STYLE = Automatic;
				CURRENT_PROJECT_VERSION = 1;
				DEVELOPMENT_TEAM = 2Z2KQ9F6DZ;
				GENERATE_INFOPLIST_FILE = YES;
				INFOPLIST_FILE = CoreDataDemo/Info.plist;
				INFOPLIST_KEY_UIApplicationSupportsIndirectInputEvents = YES;
				INFOPLIST_KEY_UILaunchStoryboardName = LaunchScreen;
				INFOPLIST_KEY_UIMainStoryboardFile = Main;
				INFOPLIST_KEY_UISupportedInterfaceOrientations_iPad = "UIInterfaceOrientationPortrait UIInterfaceOrientationPortraitUpsideDown UIInterfaceOrientationLandscapeLeft UIInterfaceOrientationLandscapeRight";
				INFOPLIST_KEY_UISupportedInterfaceOrientations_iPhone = "UIInterfaceOrientationPortrait UIInterfaceOrientationLandscapeLeft UIInterfaceOrientationLandscapeRight";
				IPHONEOS_DEPLOYMENT_TARGET = 13.0;
				LD_RUNPATH_SEARCH_PATHS = (
					"$(inherited)",
					"@executable_path/Frameworks",
				);
				MARKETING_VERSION = 1.0;
				PRODUCT_BUNDLE_IDENTIFIER = com.capgemini.CoreDataDemo1;
				PRODUCT_NAME = "$(TARGET_NAME)";
				PROVISIONING_PROFILE_SPECIFIER = "";
				SWIFT_EMIT_LOC_STRINGS = YES;
				SWIFT_VERSION = 5.0;
				TARGETED_DEVICE_FAMILY = "1,2";
			};
			name = Release;
		};
/* End XCBuildConfiguration section */

/* Begin XCConfigurationList section */
		33E46547281A516B003836DC /* Build configuration list for PBXProject "CoreDataDemo" */ = {
			isa = XCConfigurationList;
			buildConfigurations = (
				33E46561281A516D003836DC /* Debug */,
				33E46562281A516D003836DC /* Release */,
			);
			defaultConfigurationIsVisible = 0;
			defaultConfigurationName = Release;
		};
		33E46563281A516D003836DC /* Build configuration list for PBXNativeTarget "CoreDataDemo" */ = {
			isa = XCConfigurationList;
			buildConfigurations = (
				33E46564281A516D003836DC /* Debug */,
				33E46565281A516D003836DC /* Release */,
			);
			defaultConfigurationIsVisible = 0;
			defaultConfigurationName = Release;
		};
/* End XCConfigurationList section */

/* Begin XCVersionGroup section */
		33E46558281A516B003836DC /* CoreDataDemo.xcdatamodeld */ = {
			isa = XCVersionGroup;
			children = (
				33E46559281A516B003836DC /* CoreDataDemo.xcdatamodel */,
			);
			currentVersion = 33E46559281A516B003836DC /* CoreDataDemo.xcdatamodel */;
			path = CoreDataDemo.xcdatamodeld;
			sourceTree = "<group>";
			versionGroupType = wrapper.xcdatamodel;
		};
/* End XCVersionGroup section */
	};
	rootObject = 33E46544281A516B003836DC /* Project object */;
}
